github.com/bytedance/sonic v1.9.1 h1:mszhPimSGj497FYGQtJa6QqqWdEYpUje6Hjy3rUxRcM=
github.com/bytedance/sonic v1.9.1/go.mod h1:LBMJDXNg96BhZJU6zoqVFQ5Hf0vNwmT00kqo3+K9wXs=
github.com/chenzhuoyu/base64x v0.0.0-20221115062448-fe3a3abad311 h1:mqGUoAQHMcFbpIXiMWGqhS2CmNZlNxPR/2N9gZ2nK9k=
github.com/chenzhuoyu/base64x v0.0.0-20221115062448-fe3a3abad311/go.mod h1:CHgcwt6BkIY+tgf3L3yiZhTYTuYaZ+O8DjHGJkLzVh0=
github.com/davecgh/go-spew v1.1.0/go.mod h1:J7Y8YcW2NihsgmVo/mv3lAwl/skON4iLHjSsI+c5H38=
github.com/davecgh/go-spew v1.1.1 h1:vj9j/u1bqnvCEfJOwUhtlOARqs3+rkHYY13jYWTU97c=
github.com/davecgh/go-spew v1.1.1/go.mod h1:J7Y8YcW2NihsgmVo/mv3lAwl/skON4iLHjSsI+c5H38=
github.com/gabriel-vasile/mimetype v1.4.2 h1:w5qFW6JKBq9Y3BExL7WVKYLdwAPu+Cem8/+D9AQMgSA=
github.com/gabriel-vasile/mimetype v1.4.2/go.mod h1:xGakiUNylYZrmiMdH30t/9IJpoSZMsGPMJDeQLXBcx4=
github.com/gin-contrib/sse v0.1.0 h1:Y/yl/+YNO8GZSjAhjMsSuLt29uWRFHdHYUb5lYOV9qE=
github.com/gin-contrib/sse v0.1.0/go.mod h1:RHrZQHXnP2xjPF+u+gWQGOGWp7dfBImcd8UsiToSLI8=
github.com/gin-gonic/gin v1.9.1 h1:4idEAncQnU5cB7BeOkPtxjfCSye0AAm1R0RVIqJ+Jmg=
github.com/gin-gonic/gin v1.9.1/go.mod h1:hPrL7YrpYKXt5YId3A/TzpohoxmbYDSyvFH2rz6KfbA=
github.com/go-playground/assert/v2 v2.2.0 h1:JvknZsQTYeFEAhQwI4qEt9cyV5ONwRHC+lYKSsYSR8s=
github.com/go-playground/assert/v2 v2.2.0/go.mod h1:VDjEfimB/XKnb+ZQfWdccd7VUvScMdVu0oyJeGG7mpI=
github.com/go-playground/locales v0.14.1 h1:EWaNQ5QBh/vNQhgCCqALmjt9FShCoILtzULsWMc0aKM=
github.com/go-playground/locales v0.14.1/go.mod h1:sawxCiphzCdCcGEIrYPCEnVTIfsk39XuDY9MF0g4MVA=
github.com/go-playground/universal-translator v0.18.1 h1:Bcnm1IwsGdgOtQw6g/Gnz1tRlN6Gzv/xm6k6xqE24xA=
github.com/go-playground/universal-translator v0.18.1/go.mod h1:1AnU7NaIRDWWzGEKwgtJRd2xk99HeFyHw3yid4rvQIY=
github.com/go-playground/validator/v10 v10.14.1 h1:vg8xmLhjJsKPfhGRVW7B4OefEqXMiVHr6X4Y2t796LU=
github.com/go-playground/validator/v10 v10.14.1/go.mod h1:9iXMNT7sEkjXb0KyCA7eylBPwPJ6EGcvPckGY9hl1KE=
github.com/go-redis/redis/v8 v8.11.5 h1:AcZZRkigk50Q+GJTt4nCKPc1/ksPSMIvc0pYqhnffMU=
github.com/go-redis/redis/v8 v8.11.5/go.mod h1:EIPbzeF5BDueJcPiXPdT6rj20G5n6XCZ+sNfp9+0o9c=
github.com/goccy/go-json v0.10.2 h1:CrxCkMwYUSP/bLOraBuik6hKdLoz7jXrQ7j4BY0Q8bM=
github.com/goccy/go-json v0.10.2/go.mod h1:6MelG93GURQebXPDHLAnKS/HLE+epKKGzbLsyiJM+mE=
github.com/golang-jwt/jwt/v5 v5.0.0 h1:RPJERKLHKFFjGq8b20rWu+9d5F3kqYQ+57YR25j0rQQ=
github.com/golang-jwt/jwt/v5 v5.0.0/go.mod h1:pqrtFR0X4osieyHYxtmOUWsAWrfe1q5UY9DVnJ5s5SI=
github.com/google/uuid v1.4.0 h1:MtMxsa0hpQwyy835hRiWvYszCwM7bGZn4kEyhfdvJNs=
github.com/google/uuid v1.4.0/go.mod h1:TIyPZe4MgqvfeYDBFedMoGGpEw/LqOeaOT+nhxU+yHo=
github.com/grpc-ecosystem/go-grpc-middleware v1.4.0 h1:UNeq6laJ2YPFLHWR2pHi70eCqFMOAOZjdW+8Q8HRTBs=
github.com/grpc-ecosystem/go-grpc-middleware v1.4.0/go.mod h1:gJGkEmZ1ZNlgym2qlPwwIgfnIR9+f1QZiy71Uv0S4Jo=
github.com/joho/godotenv v1.5.1 h1:7eLL/+HRGLY0ldzfGMeQkb7vMd0as4CfYvUVzZqw0xE=
github.com/joho/godotenv v1.5.1/go.mod h1:f4LDr5Vob0SQCDlhBllry+xDCV+8ZEcVPTXIVeZ0nPo=
github.com/json-iterator/go v1.1.12 h1:PV8peI4a0ysnczrg+LtxykD8LfKY9ML6u2jnxaEnrnM=
github.com/json-iterator/go v1.1.12/go.mod h1:e30LSqwooZae/UwlEbRJ2dpEBTOBlgriayqk8Q2QXYw=
github.com/klauspost/cpuid/v2 v2.2.4 h1:acbojRNEL3ozPKhADClLNumuOaU1vjD7Z1j78P4ZOPQ=
github.com/klauspost/cpuid/v2 v2.2.4/go.mod h1:RVVoqPkSHtlNG2VxZXKAeT/UPUO1Jd/W+PsxLKpxFAU=
github.com/leodido/go-urn v1.2.4 h1:XlQAemGxbQR4j3C1h/MSLdrTXRbJH5q9e9rNuXL+5k8=
github.com/leodido/go-urn v1.2.4/go.mod h1:7ZrAkMV7trJOFkcXXV71s9PE8uJbGz5L788K8Vq9L+M=
github.com/lib/pq v1.10.9 h1:YXG7RB+JIjhP29X+OtkiDnYaXQwpS5JEWqsdTT++3ko=
github.com/lib/pq v1.10.9/go.mod h1:AlVN5x4E4T544tWzH6hKfnf8RHMVThVqQkm91gQ4xQI=
github.com/mattn/go-isatty v0.0.19 h1:WkqFB+gRaUH6Kn9pDqGvqHhEjvhVU5j4cXOqGJL2xj4=
github.com/mattn/go-isatty v0.0.19/go.mod h1:W+V8PltZMOjuT4EyStSE+ZWVwoIBuPYVPjV4bHs+F3E=
github.com/modern-go/concurrent v0.0.0-20180228061429-e4f0bbd2098c/go.mod h1:6dJC0mAP4ikYIbvyc7fijjWJddQyLn8Ig3JB5CqoB9Q=
github.com/modern-go/concurrent v0.0.0-20180306012644-bacd9c7ef1dd h1:TRLaZ9cD/w8PVh93nsPXa1VrZ6jLirIA5ftlnIxqHCw=
github.com/modern-go/concurrent v0.0.0-20180306012644-bacd9c7ef1dd/go.mod h1:6dJC0mAP4ikYIbvyc7fijjWJddQyLn8Ig3JB5CqoB9Q=
github.com/modern-go/reflect2 v1.0.2 h1:xBagoLtFs94CBntxluKeaWgTMpvLxC4ur3nMaC9Gz0M=
github.com/modern-go/reflect2 v1.0.2/go.mod h1:yWuevngMOJpCy52bfWMvts6CSqYPrHjJNAhhTqNLCjE=
github.com/pelletier/go-toml/v2 v2.0.8 h1:0ctb6K93EX1eEigGHEsOpTPtdRM107AFy2b2xNacMAE=
github.com/pelletier/go-toml/v2 v2.0.8/go.mod h1:sJ34hTQ6bgmm4Pu+Wkvk3RYWAEpn27y1j71B1F70JjU=
github.com/pmezard/go-difflib v1.0.0 h1:4DBwDE0NGyQoBHbLQYPwSUPoCMWR5BEzIk/f1lZbAQM=
github.com/pmezard/go-difflib v1.0.0/go.mod h1:iKH77koFhYxTK1pcRnkKkqfTogsbg7gZNVY4sRDYZ/4=
github.com/rubenv/sql-migrate v1.5.1 h1:RqGV3RjY7x0VQ8F8zT4Y3d5F2f4bJqHJqJb8Qf1xZYo=
github.com/rubenv/sql-migrate v1.5.1/go.mod h1:ANvkjq5uxxVjchN/KXKBrtxVC9Q4GQY5b3Y7QJmLhZg=
github.com/stretchr/objx v0.1.0/go.mod h1:HFkY916IF+rwdDfMAkV7OtwuqBVzrE8GR6GFx+wExME=
github.com/stretchr/testify v1.3.0/go.mod h1:M5WIy9Dh21IEIfnGCwXGc5bZfKNJtfHm1UVUgZn+9EI=
github.com/stretchr/testify v1.8.4 h1:DN8kqpWXFdLXw1TbXH9N6cTqY7v6YqV7aJhJKJDt2kI=
github.com/stretchr/testify v1.8.4/go.mod h1:sz/lmYIOXD/1dqDmKjjqLyZ2RpHgqaS2uK6oLwBmZFU=
github.com/twitchyliquid64/golang-asm v0.15.1 h1:SU5vSMR7hnwNxj24w34ZyCi/FmDZTkS4MhqMhdFk5YI=
github.com/twitchyliquid64/golang-asm v0.15.1/go.mod h1:a1lVb/DtPvCB8fslRZhAngC2+aY1QWCk3CedjggdtMQ=
github.com/ugorji/go/codec v1.2.11 h1:BMaWp1Bb6fHwEtbplGBGJ498wD+LKlokNSgnvxouOSs=
github.com/ugorji/go/codec v1.2.11/go.mod h1:UNopzCgEMSxijBgOh795wd6/VhyWsRGrJ/4OqUqQ7kM=
go.uber.org/multierr v1.6.0/go.mod h1:cdWPpRnG4AhwMwsgIHip0KPyFjm/EMpGa0/NnUBwhso=
go.uber.org/zap v1.26.0 h1:sI7k6L95XOKS281NhVKOFCUNIvv9e0w4BF8N3u+t4oY=
go.uber.org/zap v1.26.0/go.mod h1:dtElttAiwGvoJ/vj4IwHBS/gXsEu/pZ50mUIRWuG0so=
golang.org/x/arch v0.3.0 h1:0hoTvRht/aaN465jkRMRYg4G9CRSv1n6c/oFHV0H+1o=
golang.org/x/arch v0.3.0/go.mod h1:lldRG0rO5hRmvUKshTqf7rZ0sXK8nmY4g8F3p+jk4+E=
golang.org/x/crypto v0.14.0 h1:wG+05fUpdpu1q+q9b00UqGz8q9dYd0g8qJv9gqC0aZo=
golang.org/x/crypto v0.14.0/go.mod h1:MV7QkZvHtXLI9Pg1U/XLqdFkZLKi8kzM8xJjV8XJ1KkA=
golang.org/x/net v0.17.0 h1:pVaXccu2ozPjCXewfr1S7xza/nCXTInlGeA8uZJ6zxY=
golang.org/x/net v0.17.0/go.mod h1:NxSsAGuq816PNLYMTOvB+NnOcSFNLpPzDQ8ZQqJZ57k=
golang.org/x/sys v0.13.0 h1:Af8nKPmuFypiUBjVoX9V20lr0QUFkw94Bw0sfVg4wCI=
golang.org/x/sys v0.13.0/go.mod h1:oPkhp1MJrh7nUepCBck5+mAzfO9JrbApNNgaTdGDITg=
golang.org/x/text v0.13.0 h1:ablQoSUd0tRdKxZewP80B+BaqeKJuVhuRxj/dkrun3k=
golang.org/x/text v0.13.0/go.mod h1:TvPlkZtksWOMsz7fbANvkp4WM8x/WCo/om8BMLbz+aE=
google.golang.org/genproto/googleapis/rpc v0.0.0-20230822172742-b8732ec3820d h1:Gp9F8/ch94E8s3MHM/JR8BUjV7rZ8qT2XQj6k8W2YhU=
google.golang.org/genproto/googleapis/rpc v0.0.0-20230822172742-b8732ec3820d/go.mod h1:qQ0YXyHHx3XkvlzUtpXDkS/hVeZDJLmZyaVfV90lXGE=
google.golang.org/grpc v1.59.0 h1:Z5Iec2pjwb+LEOqzpDmvORWX6es8my0dWFhHd9Rn5m4=
google.golang.org/grpc v1.59.0/go.mod h1:aIZWeRKIqwwXW0EU4FCzRJUc84fRhWKWr7D54XR7gDA=
google.golang.org/protobuf v1.31.0 h1:g0LDEJHgrBl9N9r17Ru3sqWhkIx2NB67okBHPwC7hs8=
google.golang.org/protobuf v1.31.0/go.mod h1:HV8QOd/L58Z+nl8r43ehVNZIU/HEI6OcFqwMG9pJV4I=
gopkg.in/check.v1 v0.0.0-20161208181325-20d25e280405/go.mod h1:Co6ibVJAznAaIkqp8huTwlJQCZ016jof/cbN4VW5Gy0=
gopkg.in/yaml.v2 v2.4.0 h1:D8xgwECY7CYvx+Y2n4sBz93Jn9JRvxdiyyo8CTfuKaY=
gopkg.in/yaml.v2 v2.4.0/go.mod h1:RDklbk79AGWmwhnvt/jBztapEOGDOx6ZbXqjP6csGnQ=
gopkg.in/yaml.v3 v3.0.0-20200313102051-9f266ea9e77c/go.mod h1:K4uyk7z7BCEPqu6E+C64VfoznQoFZj06b9rGQj18xN0=
gopkg.in/yaml.v3 v3.0.1 h1:fxVmGIzxrEWf0W5z4QhZm7x9J4Xw3DlM+Vt308t7F3k0=
gopkg.in/yaml.v3 v3.0.1/go.mod h1:K4uyk7z7BCEPqu6E+C64VfoznQoFZj06b9rGQj18xN0=
gorm.io/driver/postgres v1.5.4 h1:nDLACpg0GpKmKFUFfyXPu/Uj1l3nJHmQ3rZDqL0L0yE=
gorm.io/driver/postgres v1.5.4/go.mod h1:OSdzBJMN0VHqX7XJ3k8iV38gWdW8q6xJ8XhVzJQ3V1A=
gorm.io/gorm v1.25.5 h1:zR9lHj60lVWJYk0T0v7aGjVQb6r6Z7X8f2V9L3kKx3w=
gorm.io/gorm v1.25.5/go.mod h1:X9Q7AjZL96kxPKQh6bJND0q0x2g2HqKQZ1x9vqKpF9s=
